{
  "version": 4,
  "terraform_version": "0.12.20",
  "serial": 36,
  "lineage": "0fbbaa99-38a7-1dd2-7d30-75e7c145e816",
  "outputs": {
    "secret_id": {
      "value": "myconreg.xyz-ohh38e-cognito-client",
      "type": "string"
    }
  },
  "resources": [
    {
      "module": "module.auth",
      "mode": "managed",
      "type": "aws_cognito_user_pool",
      "name": "pool",
      "provider": "provider.aws",
      "instances": [
        {
          "schema_version": 0,
          "attributes": {
            "admin_create_user_config": [
              {
                "allow_admin_create_user_only": false,
                "invite_message_template": [],
                "unused_account_validity_days": 7
              }
            ],
            "alias_attributes": null,
            "arn": "arn:aws:cognito-idp:us-west-2:143029940026:userpool/us-west-2_JxQGLXqEO",
            "auto_verified_attributes": [
              "email"
            ],
            "creation_date": "2020-06-28T03:42:53Z",
            "device_configuration": [],
            "email_configuration": [
              {
                "email_sending_account": "DEVELOPER",
                "from_email_address": "",
                "reply_to_email_address": "",
                "source_arn": "arn:aws:ses:us-west-2:143029940026:identity/no-reply@myconreg.xyz"
              }
            ],
            "email_verification_message": null,
            "email_verification_subject": null,
            "endpoint": "cognito-idp.us-west-2.amazonaws.com/us-west-2_JxQGLXqEO",
            "id": "us-west-2_JxQGLXqEO",
            "lambda_config": [],
            "last_modified_date": "2020-06-28T06:05:42Z",
            "mfa_configuration": "OFF",
            "name": "myconreg.xyz-ohh38e",
            "password_policy": [
              {
                "minimum_length": 8,
                "require_lowercase": true,
                "require_numbers": true,
                "require_symbols": true,
                "require_uppercase": true,
                "temporary_password_validity_days": 7
              }
            ],
            "schema": [],
            "sms_authentication_message": null,
            "sms_configuration": [],
            "sms_verification_message": null,
            "software_token_mfa_configuration": [],
            "tags": {},
            "user_pool_add_ons": [],
            "username_attributes": [
              "email"
            ],
            "username_configuration": [
              {
                "case_sensitive": false
              }
            ],
            "verification_message_template": [
              {
                "default_email_option": "CONFIRM_WITH_LINK",
                "email_message": "",
                "email_message_by_link": "Click here to verify your account: {##Click Here##}",
                "email_subject": "",
                "email_subject_by_link": "Verify your email address with myconreg.xyz",
                "sms_message": ""
              }
            ]
          },
          "private": "bnVsbA==",
          "dependencies": [
            "module.auth.aws_ses_email_identity.cognito_mailer",
            "module.auth.random_string.identifier"
          ]
        }
      ]
    },
    {
      "module": "module.auth",
      "mode": "managed",
      "type": "aws_cognito_user_pool_client",
      "name": "client",
      "provider": "provider.aws",
      "instances": [
        {
          "schema_version": 0,
          "attributes": {
            "allowed_oauth_flows": [],
            "allowed_oauth_flows_user_pool_client": false,
            "allowed_oauth_scopes": [],
            "analytics_configuration": [],
            "callback_urls": [],
            "client_secret": "",
            "default_redirect_uri": "",
            "explicit_auth_flows": [
              "ALLOW_ADMIN_USER_PASSWORD_AUTH",
              "ALLOW_REFRESH_TOKEN_AUTH",
              "ALLOW_USER_PASSWORD_AUTH"
            ],
            "generate_secret": false,
            "id": "396h2bv8hav7g5h59tqmfg0j3h",
            "logout_urls": [],
            "name": "client",
            "prevent_user_existence_errors": "",
            "read_attributes": [],
            "refresh_token_validity": 30,
            "supported_identity_providers": [],
            "user_pool_id": "us-west-2_JxQGLXqEO",
            "write_attributes": []
          },
          "private": "bnVsbA==",
          "dependencies": [
            "module.auth.aws_cognito_user_pool.pool",
            "module.auth.aws_ses_email_identity.cognito_mailer",
            "module.auth.random_string.identifier"
          ]
        }
      ]
    },
    {
      "module": "module.auth",
      "mode": "managed",
      "type": "aws_route53_record",
      "name": "cognito_verification",
      "provider": "provider.aws",
      "instances": [
        {
          "schema_version": 2,
          "attributes": {
            "alias": [],
            "allow_overwrite": null,
            "failover_routing_policy": [],
            "fqdn": "_amazonses.myconreg.xyz",
            "geolocation_routing_policy": [],
            "health_check_id": "",
            "id": "ZP6JGA5833WH6__amazonses.myconreg.xyz_TXT",
            "latency_routing_policy": [],
            "multivalue_answer_routing_policy": null,
            "name": "_amazonses.myconreg.xyz",
            "records": [
              "aIoKuLsW1K9d2vb/zXjnVpnDRUOxnzwDdYIrrtJMlmA="
            ],
            "set_identifier": "",
            "ttl": 600,
            "type": "TXT",
            "weighted_routing_policy": [],
            "zone_id": "ZP6JGA5833WH6"
          },
          "private": "eyJzY2hlbWFfdmVyc2lvbiI6IjIifQ==",
          "dependencies": [
            "module.auth.aws_route53_zone.cognito",
            "module.auth.aws_ses_domain_identity.cognito"
          ]
        }
      ]
    },
    {
      "module": "module.auth",
      "mode": "managed",
      "type": "aws_route53_zone",
      "name": "cognito",
      "each": "list",
      "provider": "provider.aws",
      "instances": []
    },
    {
      "module": "module.auth",
      "mode": "managed",
      "type": "aws_secretsmanager_secret",
      "name": "client",
      "provider": "provider.aws",
      "instances": [
        {
          "schema_version": 0,
          "attributes": {
            "arn": "arn:aws:secretsmanager:us-west-2:143029940026:secret:myconreg.xyz-ohh38e-cognito-client-xVGVvt",
            "description": "",
            "id": "arn:aws:secretsmanager:us-west-2:143029940026:secret:myconreg.xyz-ohh38e-cognito-client-xVGVvt",
            "kms_key_id": "",
            "name": "myconreg.xyz-ohh38e-cognito-client",
            "name_prefix": null,
            "policy": null,
            "recovery_window_in_days": 30,
            "rotation_enabled": false,
            "rotation_lambda_arn": "",
            "rotation_rules": [],
            "tags": {}
          },
          "private": "bnVsbA==",
          "dependencies": [
            "module.auth.random_string.identifier"
          ]
        }
      ]
    },
    {
      "module": "module.auth",
      "mode": "managed",
      "type": "aws_secretsmanager_secret_version",
      "name": "client",
      "provider": "provider.aws",
      "instances": [
        {
          "schema_version": 0,
          "attributes": {
            "arn": "arn:aws:secretsmanager:us-west-2:143029940026:secret:myconreg.xyz-ohh38e-cognito-client-xVGVvt",
            "id": "arn:aws:secretsmanager:us-west-2:143029940026:secret:myconreg.xyz-ohh38e-cognito-client-xVGVvt|EDF43231-CCC1-4EE9-9980-ACD942452544",
            "secret_binary": "",
            "secret_id": "arn:aws:secretsmanager:us-west-2:143029940026:secret:myconreg.xyz-ohh38e-cognito-client-xVGVvt",
            "secret_string": "{\"client_id\":\"396h2bv8hav7g5h59tqmfg0j3h\",\"client_secret\":\"\"}",
            "version_id": "EDF43231-CCC1-4EE9-9980-ACD942452544",
            "version_stages": [
              "AWSCURRENT"
            ]
          },
          "private": "bnVsbA==",
          "dependencies": [
            "module.auth.aws_cognito_user_pool.pool",
            "module.auth.aws_cognito_user_pool_client.client",
            "module.auth.aws_secretsmanager_secret.client",
            "module.auth.aws_ses_email_identity.cognito_mailer",
            "module.auth.random_string.identifier"
          ]
        }
      ]
    },
    {
      "module": "module.auth",
      "mode": "managed",
      "type": "aws_ses_domain_identity",
      "name": "cognito",
      "provider": "provider.aws",
      "instances": [
        {
          "schema_version": 0,
          "attributes": {
            "arn": "arn:aws:ses:us-west-2:143029940026:identity/myconreg.xyz",
            "domain": "myconreg.xyz",
            "id": "myconreg.xyz",
            "verification_token": "aIoKuLsW1K9d2vb/zXjnVpnDRUOxnzwDdYIrrtJMlmA="
          },
          "private": "bnVsbA=="
        }
      ]
    },
    {
      "module": "module.auth",
      "mode": "managed",
      "type": "aws_ses_domain_identity_verification",
      "name": "cognito_verification",
      "provider": "provider.aws",
      "instances": [
        {
          "schema_version": 0,
          "attributes": {
            "arn": "arn:aws:ses:us-west-2:143029940026:identity/myconreg.xyz",
            "domain": "myconreg.xyz",
            "id": "myconreg.xyz",
            "timeouts": null
          },
          "private": "eyJlMmJmYjczMC1lY2FhLTExZTYtOGY4OC0zNDM2M2JjN2M0YzAiOnsiY3JlYXRlIjoyNzAwMDAwMDAwMDAwfX0=",
          "dependencies": [
            "module.auth.aws_route53_record.cognito_verification",
            "module.auth.aws_route53_zone.cognito",
            "module.auth.aws_ses_domain_identity.cognito"
          ]
        }
      ]
    },
    {
      "module": "module.auth",
      "mode": "managed",
      "type": "aws_ses_email_identity",
      "name": "cognito_mailer",
      "provider": "provider.aws",
      "instances": [
        {
          "schema_version": 0,
          "attributes": {
            "arn": "arn:aws:ses:us-west-2:143029940026:identity/no-reply@myconreg.xyz",
            "email": "no-reply@myconreg.xyz",
            "id": "no-reply@myconreg.xyz"
          },
          "private": "bnVsbA==",
          "dependencies": [
            "module.auth.aws_ses_domain_identity.cognito"
          ]
        }
      ]
    },
    {
      "module": "module.auth",
      "mode": "managed",
      "type": "random_string",
      "name": "identifier",
      "provider": "provider.random",
      "instances": [
        {
          "schema_version": 1,
          "attributes": {
            "id": "ohh38e",
            "keepers": null,
            "length": 6,
            "lower": true,
            "min_lower": 0,
            "min_numeric": 0,
            "min_special": 0,
            "min_upper": 0,
            "number": true,
            "override_special": null,
            "result": "ohh38e",
            "special": false,
            "upper": false
          },
          "private": "eyJzY2hlbWFfdmVyc2lvbiI6IjEifQ=="
        }
      ]
    }
  ]
}
